// !$*UTF8*$!
{
	archiveVersion = 1;
	classes = {
	};
	objectVersion = 46;
	objects = {

/* Begin PBXBuildFile section */
		FA99CA4D1A0C1291007778A2 /* AppDelegate.swift in Sources */ = {isa = PBXBuildFile; fileRef = FA99CA4C1A0C1291007778A2 /* AppDelegate.swift */; };
		FA99CA4F1A0C1291007778A2 /* ViewController.swift in Sources */ = {isa = PBXBuildFile; fileRef = FA99CA4E1A0C1291007778A2 /* ViewController.swift */; };
		FA99CA521A0C1291007778A2 /* Main.storyboard in Resources */ = {isa = PBXBuildFile; fileRef = FA99CA501A0C1291007778A2 /* Main.storyboard */; };
		FA99CA541A0C1291007778A2 /* Images.xcassets in Resources */ = {isa = PBXBuildFile; fileRef = FA99CA531A0C1291007778A2 /* Images.xcassets */; };
		FA99CA571A0C1291007778A2 /* LaunchScreen.xib in Resources */ = {isa = PBXBuildFile; fileRef = FA99CA551A0C1291007778A2 /* LaunchScreen.xib */; };
		FA99CA631A0C1291007778A2 /* PostcardTests.swift in Sources */ = {isa = PBXBuildFile; fileRef = FA99CA621A0C1291007778A2 /* PostcardTests.swift */; };
		FAF50E0C1A0C2F4C003F68BE /* postcard_app.jpg in Resources */ = {isa = PBXBuildFile; fileRef = FAF50E0B1A0C2F4C003F68BE /* postcard_app.jpg */; };
		FAF50E0E1A0C346F003F68BE /* postcard_stamp.jpg in Resources */ = {isa = PBXBuildFile; fileRef = FAF50E0D1A0C346F003F68BE /* postcard_stamp.jpg */; };
/* End PBXBuildFile section */

/* Begin PBXContainerItemProxy section */
		FA99CA5D1A0C1291007778A2 /* PBXContainerItemProxy */ = {
			isa = PBXContainerItemProxy;
			containerPortal = FA99CA3F1A0C1290007778A2 /* Project object */;
			proxyType = 1;
			remoteGlobalIDString = FA99CA461A0C1290007778A2;
			remoteInfo = Postcard;
		};
/* End PBXContainerItemProxy section */

/* Begin PBXFileReference section */
		FA99CA471A0C1290007778A2 /* Postcard.app */ = {isa = PBXFileReference; explicitFileType = wrapper.application; includeInIndex = 0; path = Postcard.app; sourceTree = BUILT_PRODUCTS_DIR; };
		FA99CA4B1A0C1291007778A2 /* Info.plist */ = {isa = PBXFileReference; lastKnownFileType = text.plist.xml; path = Info.plist; sourceTree = "<group>"; };
		FA99CA4C1A0C1291007778A2 /* AppDelegate.swift */ = {isa = PBXFileReference; lastKnownFileType = sourcecode.swift; path = AppDelegate.swift; sourceTree = "<group>"; };
		FA99CA4E1A0C1291007778A2 /* ViewController.swift */ = {isa = PBXFileReference; lastKnownFileType = sourcecode.swift; path = ViewController.swift; sourceTree = "<group>"; };
		FA99CA511A0C1291007778A2 /* Base */ = {isa = PBXFileReference; lastKnownFileType = file.storyboard; name = Base; path = Base.lproj/Main.storyboard; sourceTree = "<group>"; };
		FA99CA531A0C1291007778A2 /* Images.xcassets */ = {isa = PBXFileReference; lastKnownFileType = folder.assetcatalog; path = Images.xcassets; sourceTree = "<group>"; };
		FA99CA561A0C1291007778A2 /* Base */ = {isa = PBXFileReference; lastKnownFileType = file.xib; name = Base; path = Base.lproj/LaunchScreen.xib; sourceTree = "<group>"; };
		FA99CA5C1A0C1291007778A2 /* PostcardTests.xctest */ = {isa = PBXFileReference; explicitFileType = wrapper.cfbundle; includeInIndex = 0; path = PostcardTests.xctest; sourceTree = BUILT_PRODUCTS_DIR; };
		FA99CA611A0C1291007778A2 /* Info.plist */ = {isa = PBXFileReference; lastKnownFileType = text.plist.xml; path = Info.plist; sourceTree = "<group>"; };
		FA99CA621A0C1291007778A2 /* PostcardTests.swift */ = {isa = PBXFileReference; lastKnownFileType = sourcecode.swift; path = PostcardTests.swift; sourceTree = "<group>"; };
		FAF50E0B1A0C2F4C003F68BE /* postcard_app.jpg */ = {isa = PBXFileReference; lastKnownFileType = image.jpeg; path = postcard_app.jpg; sourceTree = "<group>"; };
		FAF50E0D1A0C346F003F68BE /* postcard_stamp.jpg */ = {isa = PBXFileReference; lastKnownFileType = image.jpeg; path = postcard_stamp.jpg; sourceTree = "<group>"; };
/* End PBXFileReference section */

/* Begin PBXFrameworksBuildPhase section */
		FA99CA441A0C1290007778A2 /* Frameworks */ = {
			isa = PBXFrameworksBuildPhase;
			buildActionMask = 2147483647;
			files = (
			);
			runOnlyForDeploymentPostprocessing = 0;
		};
		FA99CA591A0C1291007778A2 /* Frameworks */ = {
			isa = PBXFrameworksBuildPhase;
			buildActionMask = 2147483647;
			files = (
			);
			runOnlyForDeploymentPostprocessing = 0;
		};
/* End PBXFrameworksBuildPhase section */

/* Begin PBXGroup section */
		FA99CA3E1A0C1290007778A2 = {
			isa = PBXGroup;
			children = (
				FA99CA491A0C1290007778A2 /* Postcard */,
				FA99CA5F1A0C1291007778A2 /* PostcardTests */,
				FA99CA481A0C1290007778A2 /* Products */,
			);
			sourceTree = "<group>";
		};
		FA99CA481A0C1290007778A2 /* Products */ = {
			isa = PBXGroup;
			children = (
				FA99CA471A0C1290007778A2 /* Postcard.app */,
				FA99CA5C1A0C1291007778A2 /* PostcardTests.xctest */,
			);
			name = Products;
			sourceTree = "<group>";
		};
		FA99CA491A0C1290007778A2 /* Postcard */ = {
			isa = PBXGroup;
			children = (
				FA99CA4C1A0C1291007778A2 /* AppDelegate.swift */,
				FA99CA4E1A0C1291007778A2 /* ViewController.swift */,
				FA99CA501A0C1291007778A2 /* Main.storyboard */,
				FA99CA531A0C1291007778A2 /* Images.xcassets */,
				FA99CA551A0C1291007778A2 /* LaunchScreen.xib */,
				FA99CA4A1A0C1291007778A2 /* Supporting Files */,
			);
			path = Postcard;
			sourceTree = "<group>";
		};
		FA99CA4A1A0C1291007778A2 /* Supporting Files */ = {
			isa = PBXGroup;
			children = (
				FAF50E0D1A0C346F003F68BE /* postcard_stamp.jpg */,
				FAF50E0B1A0C2F4C003F68BE /* postcard_app.jpg */,
				FA99CA4B1A0C1291007778A2 /* Info.plist */,
			);
			name = "Supporting Files";
			sourceTree = "<group>";
		};
		FA99CA5F1A0C1291007778A2 /* PostcardTests */ = {
			isa = PBXGroup;
			children = (
				FA99CA621A0C1291007778A2 /* PostcardTests.swift */,
				FA99CA601A0C1291007778A2 /* Supporting Files */,
			);
			path = PostcardTests;
			sourceTree = "<group>";
		};
		FA99CA601A0C1291007778A2 /* Supporting Files */ = {
			isa = PBXGroup;
			children = (
				FA99CA611A0C1291007778A2 /* Info.plist */,
			);
			name = "Supporting Files";
			sourceTree = "<group>";
		};
/* End PBXGroup section */

/* Begin PBXNativeTarget section */
		FA99CA461A0C1290007778A2 /* Postcard */ = {
			isa = PBXNativeTarget;
			buildConfigurationList = FA99CA661A0C1291007778A2 /* Build configuration list for PBXNativeTarget "Postcard" */;
			buildPhases = (
				FA99CA431A0C1290007778A2 /* Sources */,
				FA99CA441A0C1290007778A2 /* Frameworks */,
				FA99CA451A0C1290007778A2 /* Resources */,
			);
			buildRules = (
			);
			dependencies = (
			);
			name = Postcard;
			productName = Postcard;
			productReference = FA99CA471A0C1290007778A2 /* Postcard.app */;
			productType = "com.apple.product-type.application";
		};
		FA99CA5B1A0C1291007778A2 /* PostcardTests */ = {
			isa = PBXNativeTarget;
			buildConfigurationList = FA99CA691A0C1291007778A2 /* Build configuration list for PBXNativeTarget "PostcardTests" */;
			buildPhases = (
				FA99CA581A0C1291007778A2 /* Sources */,
				FA99CA591A0C1291007778A2 /* Frameworks */,
				FA99CA5A1A0C1291007778A2 /* Resources */,
			);
			buildRules = (
			);
			dependencies = (
				FA99CA5E1A0C1291007778A2 /* PBXTargetDependency */,
			);
			name = PostcardTests;
			productName = PostcardTests;
			productReference = FA99CA5C1A0C1291007778A2 /* PostcardTests.xctest */;
			productType = "com.apple.product-type.bundle.unit-test";
		};
/* End PBXNativeTarget section */

/* Begin PBXProject section */
		FA99CA3F1A0C1290007778A2 /* Project object */ = {
			isa = PBXProject;
			attributes = {
				LastUpgradeCheck = 0610;
				ORGANIZATIONNAME = "Phillip Taylor";
				TargetAttributes = {
					FA99CA461A0C1290007778A2 = {
						CreatedOnToolsVersion = 6.1;
					};
					FA99CA5B1A0C1291007778A2 = {
						CreatedOnToolsVersion = 6.1;
						TestTargetID = FA99CA461A0C1290007778A2;
					};
				};
			};
			buildConfigurationList = FA99CA421A0C1290007778A2 /* Build configuration list for PBXProject "Postcard" */;
			compatibilityVersion = "Xcode 3.2";
			developmentRegion = English;
			hasScannedForEncodings = 0;
			knownRegions = (
				en,
				Base,
			);
			mainGroup = FA99CA3E1A0C1290007778A2;
			productRefGroup = FA99CA481A0C1290007778A2 /* Products */;
			projectDirPath = "";
			projectRoot = "";
			targets = (
				FA99CA461A0C1290007778A2 /* Postcard */,
				FA99CA5B1A0C1291007778A2 /* PostcardTests */,
			);
		};
/* End PBXProject section */

/* Begin PBXResourcesBuildPhase section */
		FA99CA451A0C1290007778A2 /* Resources */ = {
			isa = PBXResourcesBuildPhase;
			buildActionMask = 2147483647;
			files = (
				FA99CA521A0C1291007778A2 /* Main.storyboard in Resources */,
				FAF50E0E1A0C346F003F68BE /* postcard_stamp.jpg in Resources */,
				FA99CA571A0C1291007778A2 /* LaunchScreen.xib in Resources */,
				FA99CA541A0C1291007778A2 /* Images.xcassets in Resources */,
				FAF50E0C1A0C2F4C003F68BE /* postcard_app.jpg in Resources */,
			);
			runOnlyForDeploymentPostprocessing = 0;
		};
		FA99CA5A1A0C1291007778A2 /* Resources */ = {
			isa = PBXResourcesBuildPhase;
			buildActionMask = 2147483647;
			files = (
			);
			runOnlyForDeploymentPostprocessing = 0;
		};
/* End PBXResourcesBuildPhase section */

/* Begin PBXSourcesBuildPhase section */
		FA99CA431A0C1290007778A2 /* Sources */ = {
			isa = PBXSourcesBuildPhase;
			buildActionMask = 2147483647;
			files = (
				FA99CA4F1A0C1291007778A2 /* ViewController.swift in Sources */,
				FA99CA4D1A0C1291007778A2 /* AppDelegate.swift in Sources */,
			);
			runOnlyForDeploymentPostprocessing = 0;
		};
		FA99CA581A0C1291007778A2 /* Sources */ = {
			isa = PBXSourcesBuildPhase;
			buildActionMask = 2147483647;
			files = (
				FA99CA631A0C1291007778A2 /* PostcardTests.swift in Sources */,
			);
			runOnlyForDeploymentPostprocessing = 0;
		};
/* End PBXSourcesBuildPhase section */

/* Begin PBXTargetDependency section */
		FA99CA5E1A0C1291007778A2 /* PBXTargetDependency */ = {
			isa = PBXTargetDependency;
			target = FA99CA461A0C1290007778A2 /* Postcard */;
			targetProxy = FA99CA5D1A0C1291007778A2 /* PBXContainerItemProxy */;
		};
/* End PBXTargetDependency section */

/* Begin PBXVariantGroup section */
		FA99CA501A0C1291007778A2 /* Main.storyboard */ = {
			isa = PBXVariantGroup;
			children = (
				FA99CA511A0C1291007778A2 /* Base */,
			);
			name = Main.storyboard;
			sourceTree = "<group>";
		};
		FA99CA551A0C1291007778A2 /* LaunchScreen.xib */ = {
			isa = PBXVariantGroup;
			children = (
				FA99CA561A0C1291007778A2 /* Base */,
			);
			name = LaunchScreen.xib;
			sourceTree = "<group>";
		};
/* End PBXVariantGroup section */

/* Begin XCBuildConfiguration section */
		FA99CA641A0C1291007778A2 /* Debug */ = {
			isa = XCBuildConfiguration;
			buildSettings = {
				ALWAYS_SEARCH_USER_PATHS = NO;
				CLANG_CXX_LANGUAGE_STANDARD = "gnu++0x";
				CLANG_CXX_LIBRARY = "libc++";
				CLANG_ENABLE_MODULES = YES;
				CLANG_ENABLE_OBJC_ARC = YES;
				CLANG_WARN_BOOL_CONVERSION = YES;
				CLANG_WARN_CONSTANT_CONVERSION = YES;
				CLANG_WARN_DIRECT_OBJC_ISA_USAGE = YES_ERROR;
				CLANG_WARN_EMPTY_BODY = YES;
				CLANG_WARN_ENUM_CONVERSION = YES;
				CLANG_WARN_INT_CONVERSION = YES;
				CLANG_WARN_OBJC_ROOT_CLASS = YES_ERROR;
				CLANG_WARN_UNREACHABLE_CODE = YES;
				CLANG_WARN__DUPLICATE_METHOD_MATCH = YES;
				"CODE_SIGN_IDENTITY[sdk=iphoneos*]" = "iPhone Developer";
				COPY_PHASE_STRIP = NO;
				ENABLE_STRICT_OBJC_MSGSEND = YES;
				GCC_C_LANGUAGE_STANDARD = gnu99;
				GCC_DYNAMIC_NO_PIC = NO;
				GCC_OPTIMIZATION_LEVEL = 0;
				GCC_PREPROCESSOR_DEFINITIONS = (
					"DEBUG=1",
					"$(inherited)",
				);
				GCC_SYMBOLS_PRIVATE_EXTERN = NO;
				GCC_WARN_64_TO_32_BIT_CONVERSION = YES;
				GCC_WARN_ABOUT_RETURN_TYPE = YES_ERROR;
				GCC_WARN_UNDECLARED_SELECTOR = YES;
				GCC_WARN_UNINITIALIZED_AUTOS = YES_AGGRESSIVE;
				GCC_WARN_UNUSED_FUNCTION = YES;
				GCC_WARN_UNUSED_VARIABLE = YES;
				IPHONEOS_DEPLOYMENT_TARGET = 8.1;
				MTL_ENABLE_DEBUG_INFO = YES;
				ONLY_ACTIVE_ARCH = YES;
				SDKROOT = iphoneos;
				SWIFT_OPTIMIZATION_LEVEL = "-Onone";
				TARGETED_DEVICE_FAMILY = "1,2";
			};
			name = Debug;
		};
		FA99CA651A0C1291007778A2 /* Release */ = {
			isa = XCBuildConfiguration;
			buildSettings = {
				ALWAYS_SEARCH_USER_PATHS = NO;
				CLANG_CXX_LANGUAGE_STANDARD = "gnu++0x";
				CLANG_CXX_LIBRARY = "libc++";
				CLANG_ENABLE_MODULES = YES;
				CLANG_ENABLE_OBJC_ARC = YES;
				CLANG_WARN_BOOL_CONVERSION = YES;
				CLANG_WARN_CONSTANT_CONVERSION = YES;
				CLANG_WARN_DIRECT_OBJC_ISA_USAGE = YES_ERROR;
				CLANG_WARN_EMPTY_BODY = YES;
				CLANG_WARN_ENUM_CONVERSION = YES;
				CLANG_WARN_INT_CONVERSION = YES;
				CLANG_WARN_OBJC_ROOT_CLASS = YES_ERROR;
				CLANG_WARN_UNREACHABLE_CODE = YES;
				CLANG_WARN__DUPLICATE_METHOD_MATCH = YES;
				"CODE_SIGN_IDENTITY[sdk=iphoneos*]" = "iPhone Developer";
				COPY_PHASE_STRIP = YES;
				ENABLE_NS_ASSERTIONS = NO;
				ENABLE_STRICT_OBJC_MSGSEND = YES;
				GCC_C_LANGUAGE_STANDARD = gnu99;
				GCC_WARN_64_TO_32_BIT_CONVERSION = YES;
				GCC_WARN_ABOUT_RETURN_TYPE = YES_ERROR;
				GCC_WARN_UNDECLARED_SELECTOR = YES;
				GCC_WARN_UNINITIALIZED_AUTOS = YES_AGGRESSIVE;
				GCC_WARN_UNUSED_FUNCTION = YES;
				GCC_WARN_UNUSED_VARIABLE = YES;
				IPHONEOS_DEPLOYMENT_TARGET = 8.1;
				MTL_ENABLE_DEBUG_INFO = NO;
				SDKROOT = iphoneos;
				TARGETED_DEVICE_FAMILY = "1,2";
				VALIDATE_PRODUCT = YES;
			};
			name = Release;
		};
		FA99CA671A0C1291007778A2 /* Debug */ = {
			isa = XCBuildConfiguration;
			buildSettings = {
				ASSETCATALOG_COMPILER_APPICON_NAME = AppIcon;
				INFOPLIST_FILE = Postcard/Info.plist;
				LD_RUNPATH_SEARCH_PATHS = "$(inherited) @executable_path/Frameworks";
				PRODUCT_NAME = "$(TARGET_NAME)";
			};
			name = Debug;
		};
		FA99CA681A0C1291007778A2 /* Release */ = {
			isa = XCBuildConfiguration;
			buildSettings = {
				ASSETCATALOG_COMPILER_APPICON_NAME = AppIcon;
				INFOPLIST_FILE = Postcard/Info.plist;
				LD_RUNPATH_SEARCH_PATHS = "$(inherited) @executable_path/Frameworks";
				PRODUCT_NAME = "$(TARGET_NAME)";
			};
			name = Release;
		};
		FA99CA6A1A0C1291007778A2 /* Debug */ = {
			isa = XCBuildConfiguration;
			buildSettings = {
				BUNDLE_LOADER = "$(TEST_HOST)";
				FRAMEWORK_SEARCH_PATHS = (
					"$(SDKROOT)/Developer/Library/Frameworks",
					"$(inherited)",
				);
				GCC_PREPROCESSOR_DEFINITIONS = (
					"DEBUG=1",
					"$(inherited)",
				);
				INFOPLIST_FILE = PostcardTests/Info.plist;
				LD_RUNPATH_SEARCH_PATHS = "$(inherited) @executable_path/Frameworks @loader_path/Frameworks";
				PRODUCT_NAME = "$(TARGET_NAME)";
				TEST_HOST = "$(BUILT_PRODUCTS_DIR)/Postcard.app/Postcard";
			};
			name = Debug;
		};
		FA99CA6B1A0C1291007778A2 /* Release */ = {
			isa = XCBuildConfiguration;
			buildSettings = {
				BUNDLE_LOADER = "$(TEST_HOST)";
				FRAMEWORK_SEARCH_PATHS = (
					"$(SDKROOT)/Developer/Library/Frameworks",
					"$(inherited)",
				);
				INFOPLIST_FILE = PostcardTests/Info.plist;
				LD_RUNPATH_SEARCH_PATHS = "$(inherited) @executable_path/Frameworks @loader_path/Frameworks";
				PRODUCT_NAME = "$(TARGET_NAME)";
				TEST_HOST = "$(BUILT_PRODUCTS_DIR)/Postcard.app/Postcard";
			};
			name = Release;
		};
/* End XCBuildConfiguration section */

/* Begin XCConfigurationList section */
		FA99CA421A0C1290007778A2 /* Build configuration list for PBXProject "Postcard" */ = {
			isa = XCConfigurationList;
			buildConfigurations = (
				FA99CA641A0C1291007778A2 /* Debug */,
				FA99CA651A0C1291007778A2 /* Release */,
			);
			defaultConfigurationIsVisible = 0;
			defaultConfigurationName = Release;
		};
		FA99CA661A0C1291007778A2 /* Build configuration list for PBXNativeTarget "Postcard" */ = {
			isa = XCConfigurationList;
			buildConfigurations = (
				FA99CA671A0C1291007778A2 /* Debug */,
				FA99CA681A0C1291007778A2 /* Release */,
			);
			defaultConfigurationIsVisible = 0;
			defaultConfigurationName = Release;
		};
		FA99CA691A0C1291007778A2 /* Build configuration list for PBXNativeTarget "PostcardTests" */ = {
			isa = XCConfigurationList;
			buildConfigurations = (
				FA99CA6A1A0C1291007778A2 /* Debug */,
				FA99CA6B1A0C1291007778A2 /* Release */,
			);
			defaultConfigurationIsVisible = 0;
			defaultConfigurationName = Release;
		};
/* End XCConfigurationList section */
	};
	rootObject = FA99CA3F1A0C1290007778A2 /* Project object */;
}
